
Microsoft Visual Studio Solution File, Format Version 12.00
# Visual Studio Version 17
VisualStudioVersion = 17.8.34330.188
MinimumVisualStudioVersion = 10.0.40219.1
Project("{FAE04EC0-301F-11D3-BF4B-00C04F79EFBC}") = "VideoStreamer", "VideoStreamer\VideoStreamer.csproj", "{7A3DC4B3-A696-4A13-9DBE-925D06A81DD6}"
EndProject
Global
	GlobalSection(SolutionConfigurationPlatforms) = preSolution
		Debug|Any CPU = Debug|Any CPU
		Release|Any CPU = Release|Any CPU
	EndGlobalSection
	GlobalSection(ProjectConfigurationPlatforms) = postSolution
		{7A3DC4B3-A696-4A13-9DBE-925D06A81DD6}.Debug|Any CPU.ActiveCfg = Debug|Any CPU
		{7A3DC4B3-A696-4A13-9DBE-925D06A81DD6}.Debug|Any CPU.Build.0 = Debug|Any CPU
		{7A3DC4B3-A696-4A13-9DBE-925D06A81DD6}.Release|Any CPU.ActiveCfg = Release|Any CPU
		{7A3DC4B3-A696-4A13-9DBE-925D06A81DD6}.Release|Any CPU.Build.0 = Release|Any CPU
	EndGlobalSection
	GlobalSection(SolutionProperties) = preSolution
		HideSolutionNode = FALSE
	EndGlobalSection
	GlobalSection(ExtensibilityGlobals) = postSolution
		SolutionGuid = {606DB1AD-1375-4CF7-93F6-C7EE62257A33}
	EndGlobalSection
EndGlobal
